
Microsoft Visual Studio Solution File, Format Version 12.00
# Visual Studio Version 17
VisualStudioVersion = 17.0.32112.339
MinimumVisualStudioVersion = 10.0.40219.1
Project("{FAE04EC0-301F-11D3-BF4B-00C04F79EFBC}") = "Server", "Server\Server.csproj", "{E21955D5-4D01-4142-B635-B556FA37A823}"
EndProject
Global
	GlobalSection(SolutionConfigurationPlatforms) = preSolution
		Debug|Any CPU = Debug|Any CPU
		Release|Any CPU = Release|Any CPU
	EndGlobalSection
	GlobalSection(ProjectConfigurationPlatforms) = postSolution
		{E21955D5-4D01-4142-B635-B556FA37A823}.Debug|Any CPU.ActiveCfg = Debug|Any CPU
		{E21955D5-4D01-4142-B635-B556FA37A823}.Debug|Any CPU.Build.0 = Debug|Any CPU
		{E21955D5-4D01-4142-B635-B556FA37A823}.Release|Any CPU.ActiveCfg = Release|Any CPU
		{E21955D5-4D01-4142-B635-B556FA37A823}.Release|Any CPU.Build.0 = Release|Any CPU
	EndGlobalSection
	GlobalSection(SolutionProperties) = preSolution
		HideSolutionNode = FALSE
	EndGlobalSection
	GlobalSection(ExtensibilityGlobals) = postSolution
		SolutionGuid = {7A828F70-7DAF-42C3-B720-6EF7C04DE549}
	EndGlobalSection
EndGlobal
